# Written by 'cc-guides render' — do not edit.
schema = 1
version = "0.1.51"
artifacts = [".claude/settings.json", ".github/workflows/docs.yml", ".gitignore", ".mcp.json", ".pre-commit-config.yaml", "AGENTS.md", "CLAUDE.md", "great-docs.yml"]

[sources.cc-skills]
spec = "github:yasyf/cc-skills@main"
commit = "f7a8aeb330714a46882a2b31226510f421b06478"
