# Written by 'cc-guides render' — do not edit.
schema = 1
version = "0.1.54"
artifacts = [".claude/settings.json", ".github/workflows/docs.yml", ".gitignore", ".mcp.json", ".pre-commit-config.yaml", "AGENTS.md", "CLAUDE.md", "great-docs.yml"]

[sources.cc-skills]
spec = "github:yasyf/cc-skills@main"
commit = "ed036689109757647bbd703cb5ab6a51157ac4d4"
